// !$*UTF8*$!
{
	archiveVersion = 1;
	classes = {
	};
	objectVersion = 46;
	objects = {

/* Begin PBXBuildFile section */
		74024C761DC9005300E88B24 /* main.m in Sources */ = {isa = PBXBuildFile; fileRef = 74024C751DC9005300E88B24 /* main.m */; };
		74024C7E1DC90DA800E88B24 /* Question.m in Sources */ = {isa = PBXBuildFile; fileRef = 74024C7D1DC90DA800E88B24 /* Question.m */; };
		74024C811DC92B5200E88B24 /* InputHandler.m in Sources */ = {isa = PBXBuildFile; fileRef = 74024C801DC92B5200E88B24 /* InputHandler.m */; };
		74024C841DC9326D00E88B24 /* ScoreKeeper.m in Sources */ = {isa = PBXBuildFile; fileRef = 74024C831DC9326D00E88B24 /* ScoreKeeper.m */; };
		74024CA41DCA3FD100E88B24 /* QuestionManager.m in Sources */ = {isa = PBXBuildFile; fileRef = 74024CA31DCA3FD100E88B24 /* QuestionManager.m */; };
		74024CA71DCA6B3B00E88B24 /* AdditionQuestion.m in Sources */ = {isa = PBXBuildFile; fileRef = 74024CA61DCA6B3B00E88B24 /* AdditionQuestion.m */; };
		74024CAA1DCA6B5900E88B24 /* SubtractionQuestion.m in Sources */ = {isa = PBXBuildFile; fileRef = 74024CA91DCA6B5900E88B24 /* SubtractionQuestion.m */; };
		74024CAD1DCA6B6E00E88B24 /* MultiplicationQuestion.m in Sources */ = {isa = PBXBuildFile; fileRef = 74024CAC1DCA6B6E00E88B24 /* MultiplicationQuestion.m */; };
		74024CB01DCA6B8900E88B24 /* DivisionQuestion.m in Sources */ = {isa = PBXBuildFile; fileRef = 74024CAF1DCA6B8900E88B24 /* DivisionQuestion.m */; };
		74024CB31DCA77AC00E88B24 /* QuestionFactory.m in Sources */ = {isa = PBXBuildFile; fileRef = 74024CB21DCA77AC00E88B24 /* QuestionFactory.m */; };
/* End PBXBuildFile section */

/* Begin PBXCopyFilesBuildPhase section */
		74024C701DC9005300E88B24 /* CopyFiles */ = {
			isa = PBXCopyFilesBuildPhase;
			buildActionMask = 2147483647;
			dstPath = /usr/share/man/man1/;
			dstSubfolderSpec = 0;
			files = (
			);
			runOnlyForDeploymentPostprocessing = 1;
		};
/* End PBXCopyFilesBuildPhase section */

/* Begin PBXFileReference section */
		74024C721DC9005300E88B24 /* Maths */ = {isa = PBXFileReference; explicitFileType = "compiled.mach-o.executable"; includeInIndex = 0; path = Maths; sourceTree = BUILT_PRODUCTS_DIR; };
		74024C751DC9005300E88B24 /* main.m */ = {isa = PBXFileReference; lastKnownFileType = sourcecode.c.objc; path = main.m; sourceTree = "<group>"; };
		74024C7C1DC90DA800E88B24 /* Question.h */ = {isa = PBXFileReference; fileEncoding = 4; lastKnownFileType = sourcecode.c.h; path = Question.h; sourceTree = "<group>"; };
		74024C7D1DC90DA800E88B24 /* Question.m */ = {isa = PBXFileReference; fileEncoding = 4; lastKnownFileType = sourcecode.c.objc; path = Question.m; sourceTree = "<group>"; };
		74024C7F1DC92B5200E88B24 /* InputHandler.h */ = {isa = PBXFileReference; fileEncoding = 4; lastKnownFileType = sourcecode.c.h; path = InputHandler.h; sourceTree = "<group>"; };
		74024C801DC92B5200E88B24 /* InputHandler.m */ = {isa = PBXFileReference; fileEncoding = 4; lastKnownFileType = sourcecode.c.objc; path = InputHandler.m; sourceTree = "<group>"; };
		74024C821DC9326D00E88B24 /* ScoreKeeper.h */ = {isa = PBXFileReference; fileEncoding = 4; lastKnownFileType = sourcecode.c.h; path = ScoreKeeper.h; sourceTree = "<group>"; };
		74024C831DC9326D00E88B24 /* ScoreKeeper.m */ = {isa = PBXFileReference; fileEncoding = 4; lastKnownFileType = sourcecode.c.objc; path = ScoreKeeper.m; sourceTree = "<group>"; };
		74024CA21DCA3FD100E88B24 /* QuestionManager.h */ = {isa = PBXFileReference; fileEncoding = 4; lastKnownFileType = sourcecode.c.h; path = QuestionManager.h; sourceTree = "<group>"; };
		74024CA31DCA3FD100E88B24 /* QuestionManager.m */ = {isa = PBXFileReference; fileEncoding = 4; lastKnownFileType = sourcecode.c.objc; path = QuestionManager.m; sourceTree = "<group>"; };
		74024CA51DCA6B3B00E88B24 /* AdditionQuestion.h */ = {isa = PBXFileReference; fileEncoding = 4; lastKnownFileType = sourcecode.c.h; path = AdditionQuestion.h; sourceTree = "<group>"; };
		74024CA61DCA6B3B00E88B24 /* AdditionQuestion.m */ = {isa = PBXFileReference; fileEncoding = 4; lastKnownFileType = sourcecode.c.objc; path = AdditionQuestion.m; sourceTree = "<group>"; };
		74024CA81DCA6B5900E88B24 /* SubtractionQuestion.h */ = {isa = PBXFileReference; fileEncoding = 4; lastKnownFileType = sourcecode.c.h; path = SubtractionQuestion.h; sourceTree = "<group>"; };
		74024CA91DCA6B5900E88B24 /* SubtractionQuestion.m */ = {isa = PBXFileReference; fileEncoding = 4; lastKnownFileType = sourcecode.c.objc; path = SubtractionQuestion.m; sourceTree = "<group>"; };
		74024CAB1DCA6B6E00E88B24 /* MultiplicationQuestion.h */ = {isa = PBXFileReference; fileEncoding = 4; lastKnownFileType = sourcecode.c.h; path = MultiplicationQuestion.h; sourceTree = "<group>"; };
		74024CAC1DCA6B6E00E88B24 /* MultiplicationQuestion.m */ = {isa = PBXFileReference; fileEncoding = 4; lastKnownFileType = sourcecode.c.objc; path = MultiplicationQuestion.m; sourceTree = "<group>"; };
		74024CAE1DCA6B8900E88B24 /* DivisionQuestion.h */ = {isa = PBXFileReference; fileEncoding = 4; lastKnownFileType = sourcecode.c.h; path = DivisionQuestion.h; sourceTree = "<group>"; };
		74024CAF1DCA6B8900E88B24 /* DivisionQuestion.m */ = {isa = PBXFileReference; fileEncoding = 4; lastKnownFileType = sourcecode.c.objc; path = DivisionQuestion.m; sourceTree = "<group>"; };
		74024CB11DCA77AC00E88B24 /* QuestionFactory.h */ = {isa = PBXFileReference; fileEncoding = 4; lastKnownFileType = sourcecode.c.h; path = QuestionFactory.h; sourceTree = "<group>"; };
		74024CB21DCA77AC00E88B24 /* QuestionFactory.m */ = {isa = PBXFileReference; fileEncoding = 4; lastKnownFileType = sourcecode.c.objc; path = QuestionFactory.m; sourceTree = "<group>"; };
/* End PBXFileReference section */

/* Begin PBXFrameworksBuildPhase section */
		74024C6F1DC9005300E88B24 /* Frameworks */ = {
			isa = PBXFrameworksBuildPhase;
			buildActionMask = 2147483647;
			files = (
			);
			runOnlyForDeploymentPostprocessing = 0;
		};
/* End PBXFrameworksBuildPhase section */

/* Begin PBXGroup section */
		74024C691DC9005300E88B24 = {
			isa = PBXGroup;
			children = (
				74024C741DC9005300E88B24 /* Maths */,
				74024C731DC9005300E88B24 /* Products */,
			);
			sourceTree = "<group>";
		};
		74024C731DC9005300E88B24 /* Products */ = {
			isa = PBXGroup;
			children = (
				74024C721DC9005300E88B24 /* Maths */,
			);
			name = Products;
			sourceTree = "<group>";
		};
		74024C741DC9005300E88B24 /* Maths */ = {
			isa = PBXGroup;
			children = (
				74024C751DC9005300E88B24 /* main.m */,
				74024C7C1DC90DA800E88B24 /* Question.h */,
				74024C7D1DC90DA800E88B24 /* Question.m */,
				74024C7F1DC92B5200E88B24 /* InputHandler.h */,
				74024C801DC92B5200E88B24 /* InputHandler.m */,
				74024C821DC9326D00E88B24 /* ScoreKeeper.h */,
				74024C831DC9326D00E88B24 /* ScoreKeeper.m */,
				74024CA21DCA3FD100E88B24 /* QuestionManager.h */,
				74024CA31DCA3FD100E88B24 /* QuestionManager.m */,
				74024CA51DCA6B3B00E88B24 /* AdditionQuestion.h */,
				74024CA61DCA6B3B00E88B24 /* AdditionQuestion.m */,
				74024CA81DCA6B5900E88B24 /* SubtractionQuestion.h */,
				74024CA91DCA6B5900E88B24 /* SubtractionQuestion.m */,
				74024CAB1DCA6B6E00E88B24 /* MultiplicationQuestion.h */,
				74024CAC1DCA6B6E00E88B24 /* MultiplicationQuestion.m */,
				74024CAE1DCA6B8900E88B24 /* DivisionQuestion.h */,
				74024CAF1DCA6B8900E88B24 /* DivisionQuestion.m */,
				74024CB11DCA77AC00E88B24 /* QuestionFactory.h */,
				74024CB21DCA77AC00E88B24 /* QuestionFactory.m */,
			);
			path = Maths;
			sourceTree = "<group>";
		};
/* End PBXGroup section */

/* Begin PBXNativeTarget section */
		74024C711DC9005300E88B24 /* Maths */ = {
			isa = PBXNativeTarget;
			buildConfigurationList = 74024C791DC9005300E88B24 /* Build configuration list for PBXNativeTarget "Maths" */;
			buildPhases = (
				74024C6E1DC9005300E88B24 /* Sources */,
				74024C6F1DC9005300E88B24 /* Frameworks */,
				74024C701DC9005300E88B24 /* CopyFiles */,
			);
			buildRules = (
			);
			dependencies = (
			);
			name = Maths;
			productName = Maths;
			productReference = 74024C721DC9005300E88B24 /* Maths */;
			productType = "com.apple.product-type.tool";
		};
/* End PBXNativeTarget section */

/* Begin PBXProject section */
		74024C6A1DC9005300E88B24 /* Project object */ = {
			isa = PBXProject;
			attributes = {
				LastUpgradeCheck = 0730;
				ORGANIZATIONNAME = "Thomas Alexanian";
				TargetAttributes = {
					74024C711DC9005300E88B24 = {
						CreatedOnToolsVersion = 7.3.1;
					};
				};
			};
			buildConfigurationList = 74024C6D1DC9005300E88B24 /* Build configuration list for PBXProject "Maths" */;
			compatibilityVersion = "Xcode 3.2";
			developmentRegion = English;
			hasScannedForEncodings = 0;
			knownRegions = (
				en,
			);
			mainGroup = 74024C691DC9005300E88B24;
			productRefGroup = 74024C731DC9005300E88B24 /* Products */;
			projectDirPath = "";
			projectRoot = "";
			targets = (
				74024C711DC9005300E88B24 /* Maths */,
			);
		};
/* End PBXProject section */

/* Begin PBXSourcesBuildPhase section */
		74024C6E1DC9005300E88B24 /* Sources */ = {
			isa = PBXSourcesBuildPhase;
			buildActionMask = 2147483647;
			files = (
				74024CA41DCA3FD100E88B24 /* QuestionManager.m in Sources */,
				74024CAD1DCA6B6E00E88B24 /* MultiplicationQuestion.m in Sources */,
				74024CA71DCA6B3B00E88B24 /* AdditionQuestion.m in Sources */,
				74024CAA1DCA6B5900E88B24 /* SubtractionQuestion.m in Sources */,
				74024C841DC9326D00E88B24 /* ScoreKeeper.m in Sources */,
				74024C761DC9005300E88B24 /* main.m in Sources */,
				74024CB01DCA6B8900E88B24 /* DivisionQuestion.m in Sources */,
				74024C811DC92B5200E88B24 /* InputHandler.m in Sources */,
				74024CB31DCA77AC00E88B24 /* QuestionFactory.m in Sources */,
				74024C7E1DC90DA800E88B24 /* Question.m in Sources */,
			);
			runOnlyForDeploymentPostprocessing = 0;
		};
/* End PBXSourcesBuildPhase section */

/* Begin XCBuildConfiguration section */
		74024C771DC9005300E88B24 /* Debug */ = {
			isa = XCBuildConfiguration;
			buildSettings = {
				ALWAYS_SEARCH_USER_PATHS = NO;
				CLANG_ANALYZER_NONNULL = YES;
				CLANG_CXX_LANGUAGE_STANDARD = "gnu++0x";
				CLANG_CXX_LIBRARY = "libc++";
				CLANG_ENABLE_MODULES = YES;
				CLANG_ENABLE_OBJC_ARC = YES;
				CLANG_WARN_BOOL_CONVERSION = YES;
				CLANG_WARN_CONSTANT_CONVERSION = YES;
				CLANG_WARN_DIRECT_OBJC_ISA_USAGE = YES_ERROR;
				CLANG_WARN_EMPTY_BODY = YES;
				CLANG_WARN_ENUM_CONVERSION = YES;
				CLANG_WARN_INT_CONVERSION = YES;
				CLANG_WARN_OBJC_ROOT_CLASS = YES_ERROR;
				CLANG_WARN_UNREACHABLE_CODE = YES;
				CLANG_WARN__DUPLICATE_METHOD_MATCH = YES;
				CODE_SIGN_IDENTITY = "-";
				COPY_PHASE_STRIP = NO;
				DEBUG_INFORMATION_FORMAT = dwarf;
				ENABLE_STRICT_OBJC_MSGSEND = YES;
				ENABLE_TESTABILITY = YES;
				GCC_C_LANGUAGE_STANDARD = gnu99;
				GCC_DYNAMIC_NO_PIC = NO;
				GCC_NO_COMMON_BLOCKS = YES;
				GCC_OPTIMIZATION_LEVEL = 0;
				GCC_PREPROCESSOR_DEFINITIONS = (
					"DEBUG=1",
					"$(inherited)",
				);
				GCC_WARN_64_TO_32_BIT_CONVERSION = YES;
				GCC_WARN_ABOUT_RETURN_TYPE = YES_ERROR;
				GCC_WARN_UNDECLARED_SELECTOR = YES;
				GCC_WARN_UNINITIALIZED_AUTOS = YES_AGGRESSIVE;
				GCC_WARN_UNUSED_FUNCTION = YES;
				GCC_WARN_UNUSED_VARIABLE = YES;
				MACOSX_DEPLOYMENT_TARGET = 10.12;
				MTL_ENABLE_DEBUG_INFO = YES;
				ONLY_ACTIVE_ARCH = YES;
				SDKROOT = macosx;
			};
			name = Debug;
		};
		74024C781DC9005300E88B24 /* Release */ = {
			isa = XCBuildConfiguration;
			buildSettings = {
				ALWAYS_SEARCH_USER_PATHS = NO;
				CLANG_ANALYZER_NONNULL = YES;
				CLANG_CXX_LANGUAGE_STANDARD = "gnu++0x";
				CLANG_CXX_LIBRARY = "libc++";
				CLANG_ENABLE_MODULES = YES;
				CLANG_ENABLE_OBJC_ARC = YES;
				CLANG_WARN_BOOL_CONVERSION = YES;
				CLANG_WARN_CONSTANT_CONVERSION = YES;
				CLANG_WARN_DIRECT_OBJC_ISA_USAGE = YES_ERROR;
				CLANG_WARN_EMPTY_BODY = YES;
				CLANG_WARN_ENUM_CONVERSION = YES;
				CLANG_WARN_INT_CONVERSION = YES;
				CLANG_WARN_OBJC_ROOT_CLASS = YES_ERROR;
				CLANG_WARN_UNREACHABLE_CODE = YES;
				CLANG_WARN__DUPLICATE_METHOD_MATCH = YES;
				CODE_SIGN_IDENTITY = "-";
				COPY_PHASE_STRIP = NO;
				DEBUG_INFORMATION_FORMAT = "dwarf-with-dsym";
				ENABLE_NS_ASSERTIONS = NO;
				ENABLE_STRICT_OBJC_MSGSEND = YES;
				GCC_C_LANGUAGE_STANDARD = gnu99;
				GCC_NO_COMMON_BLOCKS = YES;
				GCC_WARN_64_TO_32_BIT_CONVERSION = YES;
				GCC_WARN_ABOUT_RETURN_TYPE = YES_ERROR;
				GCC_WARN_UNDECLARED_SELECTOR = YES;
				GCC_WARN_UNINITIALIZED_AUTOS = YES_AGGRESSIVE;
				GCC_WARN_UNUSED_FUNCTION = YES;
				GCC_WARN_UNUSED_VARIABLE = YES;
				MACOSX_DEPLOYMENT_TARGET = 10.12;
				MTL_ENABLE_DEBUG_INFO = NO;
				SDKROOT = macosx;
			};
			name = Release;
		};
		74024C7A1DC9005300E88B24 /* Debug */ = {
			isa = XCBuildConfiguration;
			buildSettings = {
				PRODUCT_NAME = "$(TARGET_NAME)";
			};
			name = Debug;
		};
		74024C7B1DC9005300E88B24 /* Release */ = {
			isa = XCBuildConfiguration;
			buildSettings = {
				PRODUCT_NAME = "$(TARGET_NAME)";
			};
			name = Release;
		};
/* End XCBuildConfiguration section */

/* Begin XCConfigurationList section */
		74024C6D1DC9005300E88B24 /* Build configuration list for PBXProject "Maths" */ = {
			isa = XCConfigurationList;
			buildConfigurations = (
				74024C771DC9005300E88B24 /* Debug */,
				74024C781DC9005300E88B24 /* Release */,
			);
			defaultConfigurationIsVisible = 0;
			defaultConfigurationName = Release;
		};
		74024C791DC9005300E88B24 /* Build configuration list for PBXNativeTarget "Maths" */ = {
			isa = XCConfigurationList;
			buildConfigurations = (
				74024C7A1DC9005300E88B24 /* Debug */,
				74024C7B1DC9005300E88B24 /* Release */,
			);
			defaultConfigurationIsVisible = 0;
			defaultConfigurationName = Release;
		};
/* End XCConfigurationList section */
	};
	rootObject = 74024C6A1DC9005300E88B24 /* Project object */;
}
